
Microsoft Visual Studio Solution File, Format Version 12.00
# Visual Studio Version 16
VisualStudioVersion = 16.0.29721.120
MinimumVisualStudioVersion = 10.0.40219.1
Project("{9A19103F-16F7-4668-BE54-9A1E7A4F7556}") = "BBD.Mars.AD7193Sample", "BBD.Mars.AD7193Sample\BBD.Mars.AD7193Sample.csproj", "{29D8CC4F-43E3-4416-A586-5B89EAD37ACC}"
EndProject
Project("{9A19103F-16F7-4668-BE54-9A1E7A4F7556}") = "Ad7193", "..\..\..\..\..\..\dotnet\iot\src\devices\Ad7193\Ad7193.csproj", "{B1D686D5-F0AF-4654-948A-9C6FE8BC1BDC}"
EndProject
Global
	GlobalSection(SolutionConfigurationPlatforms) = preSolution
		Debug|Any CPU = Debug|Any CPU
		Linux-Debug|Any CPU = Linux-Debug|Any CPU
		Linux-Release|Any CPU = Linux-Release|Any CPU
		Release|Any CPU = Release|Any CPU
		Windows-Debug|Any CPU = Windows-Debug|Any CPU
		Windows-Release|Any CPU = Windows-Release|Any CPU
	EndGlobalSection
	GlobalSection(ProjectConfigurationPlatforms) = postSolution
		{29D8CC4F-43E3-4416-A586-5B89EAD37ACC}.Debug|Any CPU.ActiveCfg = Debug|Any CPU
		{29D8CC4F-43E3-4416-A586-5B89EAD37ACC}.Debug|Any CPU.Build.0 = Debug|Any CPU
		{29D8CC4F-43E3-4416-A586-5B89EAD37ACC}.Linux-Debug|Any CPU.ActiveCfg = Debug|Any CPU
		{29D8CC4F-43E3-4416-A586-5B89EAD37ACC}.Linux-Debug|Any CPU.Build.0 = Debug|Any CPU
		{29D8CC4F-43E3-4416-A586-5B89EAD37ACC}.Linux-Release|Any CPU.ActiveCfg = Release|Any CPU
		{29D8CC4F-43E3-4416-A586-5B89EAD37ACC}.Linux-Release|Any CPU.Build.0 = Release|Any CPU
		{29D8CC4F-43E3-4416-A586-5B89EAD37ACC}.Release|Any CPU.ActiveCfg = Release|Any CPU
		{29D8CC4F-43E3-4416-A586-5B89EAD37ACC}.Release|Any CPU.Build.0 = Release|Any CPU
		{29D8CC4F-43E3-4416-A586-5B89EAD37ACC}.Windows-Debug|Any CPU.ActiveCfg = Debug|Any CPU
		{29D8CC4F-43E3-4416-A586-5B89EAD37ACC}.Windows-Debug|Any CPU.Build.0 = Debug|Any CPU
		{29D8CC4F-43E3-4416-A586-5B89EAD37ACC}.Windows-Release|Any CPU.ActiveCfg = Release|Any CPU
		{29D8CC4F-43E3-4416-A586-5B89EAD37ACC}.Windows-Release|Any CPU.Build.0 = Release|Any CPU
		{B1D686D5-F0AF-4654-948A-9C6FE8BC1BDC}.Debug|Any CPU.ActiveCfg = Debug|Any CPU
		{B1D686D5-F0AF-4654-948A-9C6FE8BC1BDC}.Debug|Any CPU.Build.0 = Debug|Any CPU
		{B1D686D5-F0AF-4654-948A-9C6FE8BC1BDC}.Linux-Debug|Any CPU.ActiveCfg = Debug|Any CPU
		{B1D686D5-F0AF-4654-948A-9C6FE8BC1BDC}.Linux-Debug|Any CPU.Build.0 = Debug|Any CPU
		{B1D686D5-F0AF-4654-948A-9C6FE8BC1BDC}.Linux-Release|Any CPU.ActiveCfg = Release|Any CPU
		{B1D686D5-F0AF-4654-948A-9C6FE8BC1BDC}.Linux-Release|Any CPU.Build.0 = Release|Any CPU
		{B1D686D5-F0AF-4654-948A-9C6FE8BC1BDC}.Release|Any CPU.ActiveCfg = Release|Any CPU
		{B1D686D5-F0AF-4654-948A-9C6FE8BC1BDC}.Release|Any CPU.Build.0 = Release|Any CPU
		{B1D686D5-F0AF-4654-948A-9C6FE8BC1BDC}.Windows-Debug|Any CPU.ActiveCfg = Debug|Any CPU
		{B1D686D5-F0AF-4654-948A-9C6FE8BC1BDC}.Windows-Debug|Any CPU.Build.0 = Debug|Any CPU
		{B1D686D5-F0AF-4654-948A-9C6FE8BC1BDC}.Windows-Release|Any CPU.ActiveCfg = Release|Any CPU
		{B1D686D5-F0AF-4654-948A-9C6FE8BC1BDC}.Windows-Release|Any CPU.Build.0 = Release|Any CPU
	EndGlobalSection
	GlobalSection(SolutionProperties) = preSolution
		HideSolutionNode = FALSE
	EndGlobalSection
	GlobalSection(ExtensibilityGlobals) = postSolution
		SolutionGuid = {E81D43BD-321A-4709-AA97-0E05BB1A5389}
	EndGlobalSection
EndGlobal
