
Microsoft Visual Studio Solution File, Format Version 12.00
# Visual Studio 14
VisualStudioVersion = 14.0.25420.1
MinimumVisualStudioVersion = 10.0.40219.1
Project("{FAE04EC0-301F-11D3-BF4B-00C04F79EFBC}") = "BBDWebInterface", "BBDWebInterface\BBDWebInterface.csproj", "{EF6B1725-F4F3-4BC5-8D43-F08C9187320C}"
EndProject
Project("{FAE04EC0-301F-11D3-BF4B-00C04F79EFBC}") = "BBDDriver", "BBDDriver\BBDDriver.csproj", "{A58BBA86-239A-4280-99B8-CABA065ED3EF}"
EndProject
Global
	GlobalSection(SolutionConfigurationPlatforms) = preSolution
		Debug|Any CPU = Debug|Any CPU
		Release|Any CPU = Release|Any CPU
	EndGlobalSection
	GlobalSection(ProjectConfigurationPlatforms) = postSolution
		{EF6B1725-F4F3-4BC5-8D43-F08C9187320C}.Debug|Any CPU.ActiveCfg = Debug|Any CPU
		{EF6B1725-F4F3-4BC5-8D43-F08C9187320C}.Debug|Any CPU.Build.0 = Debug|Any CPU
		{EF6B1725-F4F3-4BC5-8D43-F08C9187320C}.Release|Any CPU.ActiveCfg = Release|Any CPU
		{EF6B1725-F4F3-4BC5-8D43-F08C9187320C}.Release|Any CPU.Build.0 = Release|Any CPU
		{A58BBA86-239A-4280-99B8-CABA065ED3EF}.Debug|Any CPU.ActiveCfg = Debug|Any CPU
		{A58BBA86-239A-4280-99B8-CABA065ED3EF}.Debug|Any CPU.Build.0 = Debug|Any CPU
		{A58BBA86-239A-4280-99B8-CABA065ED3EF}.Release|Any CPU.ActiveCfg = Release|Any CPU
		{A58BBA86-239A-4280-99B8-CABA065ED3EF}.Release|Any CPU.Build.0 = Release|Any CPU
	EndGlobalSection
	GlobalSection(SolutionProperties) = preSolution
		HideSolutionNode = FALSE
	EndGlobalSection
EndGlobal
