
Microsoft Visual Studio Solution File, Format Version 12.00
# Visual Studio 15
VisualStudioVersion = 15.0.28307.421
MinimumVisualStudioVersion = 10.0.40219.1
Project("{9A19103F-16F7-4668-BE54-9A1E7A4F7556}") = "myHelloWorldApp", "myHelloWorldApp.csproj", "{909481CB-1FF4-4345-AFE6-76D02E923133}"
EndProject
Global
	GlobalSection(SolutionConfigurationPlatforms) = preSolution
		Debug|Any CPU = Debug|Any CPU
		Release|Any CPU = Release|Any CPU
	EndGlobalSection
	GlobalSection(ProjectConfigurationPlatforms) = postSolution
		{909481CB-1FF4-4345-AFE6-76D02E923133}.Debug|Any CPU.ActiveCfg = Debug|Any CPU
		{909481CB-1FF4-4345-AFE6-76D02E923133}.Debug|Any CPU.Build.0 = Debug|Any CPU
		{909481CB-1FF4-4345-AFE6-76D02E923133}.Release|Any CPU.ActiveCfg = Release|Any CPU
		{909481CB-1FF4-4345-AFE6-76D02E923133}.Release|Any CPU.Build.0 = Release|Any CPU
	EndGlobalSection
	GlobalSection(SolutionProperties) = preSolution
		HideSolutionNode = FALSE
	EndGlobalSection
	GlobalSection(ExtensibilityGlobals) = postSolution
		SolutionGuid = {E900F97D-53A5-4059-9DD1-BC4E1D78B3AA}
	EndGlobalSection
EndGlobal
